
Microsoft Visual Studio Solution File, Format Version 12.00
# Visual Studio 2012
Project("{D954291E-2A0B-460D-934E-DC6B0785DB48}") = "SceneSymbols", "SceneSymbols\SceneSymbols.shproj", "{41CEC765-4137-48A5-A33D-AC38D78B7ED1}"
EndProject
Project("{FAE04EC0-301F-11D3-BF4B-00C04F79EFBC}") = "SceneSymbols.iOS", "iOS\SceneSymbols.iOS.csproj", "{CBA34288-4D7C-49B8-A417-6B62555802BA}"
EndProject
Project("{FAE04EC0-301F-11D3-BF4B-00C04F79EFBC}") = "SceneSymbols.Droid", "Droid\SceneSymbols.Droid.csproj", "{146F24EA-7572-4072-898A-31D017453FF7}"
EndProject
Global
	GlobalSection(SolutionConfigurationPlatforms) = preSolution
		Debug|iPhoneSimulator = Debug|iPhoneSimulator
		Release|iPhone = Release|iPhone
		Release|iPhoneSimulator = Release|iPhoneSimulator
		Debug|iPhone = Debug|iPhone
		Debug|Any CPU = Debug|Any CPU
		Release|Any CPU = Release|Any CPU
	EndGlobalSection
	GlobalSection(ProjectConfigurationPlatforms) = postSolution
		{CBA34288-4D7C-49B8-A417-6B62555802BA}.Debug|iPhoneSimulator.ActiveCfg = Debug|iPhoneSimulator
		{CBA34288-4D7C-49B8-A417-6B62555802BA}.Debug|iPhoneSimulator.Build.0 = Debug|iPhoneSimulator
		{CBA34288-4D7C-49B8-A417-6B62555802BA}.Release|iPhone.ActiveCfg = Release|iPhone
		{CBA34288-4D7C-49B8-A417-6B62555802BA}.Release|iPhone.Build.0 = Release|iPhone
		{CBA34288-4D7C-49B8-A417-6B62555802BA}.Release|iPhoneSimulator.ActiveCfg = Release|iPhoneSimulator
		{CBA34288-4D7C-49B8-A417-6B62555802BA}.Release|iPhoneSimulator.Build.0 = Release|iPhoneSimulator
		{CBA34288-4D7C-49B8-A417-6B62555802BA}.Debug|iPhone.ActiveCfg = Debug|iPhone
		{CBA34288-4D7C-49B8-A417-6B62555802BA}.Debug|iPhone.Build.0 = Debug|iPhone
		{CBA34288-4D7C-49B8-A417-6B62555802BA}.Debug|Any CPU.ActiveCfg = Debug|iPhoneSimulator
		{CBA34288-4D7C-49B8-A417-6B62555802BA}.Debug|Any CPU.Build.0 = Debug|iPhoneSimulator
		{CBA34288-4D7C-49B8-A417-6B62555802BA}.Release|Any CPU.ActiveCfg = Release|iPhone
		{CBA34288-4D7C-49B8-A417-6B62555802BA}.Release|Any CPU.Build.0 = Release|iPhone
		{146F24EA-7572-4072-898A-31D017453FF7}.Debug|iPhoneSimulator.ActiveCfg = Debug|Any CPU
		{146F24EA-7572-4072-898A-31D017453FF7}.Debug|iPhoneSimulator.Build.0 = Debug|Any CPU
		{146F24EA-7572-4072-898A-31D017453FF7}.Release|iPhone.ActiveCfg = Release|Any CPU
		{146F24EA-7572-4072-898A-31D017453FF7}.Release|iPhone.Build.0 = Release|Any CPU
		{146F24EA-7572-4072-898A-31D017453FF7}.Release|iPhoneSimulator.ActiveCfg = Release|Any CPU
		{146F24EA-7572-4072-898A-31D017453FF7}.Release|iPhoneSimulator.Build.0 = Release|Any CPU
		{146F24EA-7572-4072-898A-31D017453FF7}.Debug|iPhone.ActiveCfg = Debug|Any CPU
		{146F24EA-7572-4072-898A-31D017453FF7}.Debug|iPhone.Build.0 = Debug|Any CPU
		{146F24EA-7572-4072-898A-31D017453FF7}.Debug|Any CPU.ActiveCfg = Debug|Any CPU
		{146F24EA-7572-4072-898A-31D017453FF7}.Debug|Any CPU.Build.0 = Debug|Any CPU
		{146F24EA-7572-4072-898A-31D017453FF7}.Release|Any CPU.ActiveCfg = Release|Any CPU
		{146F24EA-7572-4072-898A-31D017453FF7}.Release|Any CPU.Build.0 = Release|Any CPU
	EndGlobalSection
EndGlobal
